
Microsoft Visual Studio Solution File, Format Version 12.00
# Visual Studio Version 17
VisualStudioVersion = 17.0.32126.317
MinimumVisualStudioVersion = 10.0.40219.1
Project("{FAE04EC0-301F-11D3-BF4B-00C04F79EFBC}") = "AaDSLab1", "AaDSLab1\AaDSLab1.csproj", "{DEC43A85-05AB-4379-9FA1-4A7D5AA4144C}"
EndProject
Global
	GlobalSection(SolutionConfigurationPlatforms) = preSolution
		Debug|Any CPU = Debug|Any CPU
		Release|Any CPU = Release|Any CPU
	EndGlobalSection
	GlobalSection(ProjectConfigurationPlatforms) = postSolution
		{DEC43A85-05AB-4379-9FA1-4A7D5AA4144C}.Debug|Any CPU.ActiveCfg = Debug|Any CPU
		{DEC43A85-05AB-4379-9FA1-4A7D5AA4144C}.Debug|Any CPU.Build.0 = Debug|Any CPU
		{DEC43A85-05AB-4379-9FA1-4A7D5AA4144C}.Release|Any CPU.ActiveCfg = Release|Any CPU
		{DEC43A85-05AB-4379-9FA1-4A7D5AA4144C}.Release|Any CPU.Build.0 = Release|Any CPU
	EndGlobalSection
	GlobalSection(SolutionProperties) = preSolution
		HideSolutionNode = FALSE
	EndGlobalSection
	GlobalSection(ExtensibilityGlobals) = postSolution
		SolutionGuid = {14AAB1B4-F130-4BBE-B935-3A8C4C29A34F}
	EndGlobalSection
EndGlobal
